<?xml version="1.0" encoding="utf-8"?>
<Project ToolsVersion="4.0" xmlns="http://schemas.microsoft.com/developer/msbuild/2003">
  <ItemGroup>
    <Filter Include="Source Files">
      <UniqueIdentifier>{4FC737F1-C7A5-4376-A066-2A32D752A2FF}</UniqueIdentifier>
      <Extensions>cpp;c;cc;cxx;c++;cppm;ixx;def;odl;idl;hpj;bat;asm;asmx</Extensions>
    </Filter>
    <Filter Include="Header Files">
      <UniqueIdentifier>{93995380-89BD-4b04-88EB-625FBE52EBFB}</UniqueIdentifier>
      <Extensions>h;hh;hpp;hxx;h++;hm;inl;inc;ipp;xsd</Extensions>
    </Filter>
    <Filter Include="Resource Files">
      <UniqueIdentifier>{67DA6AB6-F800-4c08-8B7A-83BB121AAD01}</UniqueIdentifier>
      <Extensions>rc;ico;cur;bmp;dlg;rc2;rct;bin;rgs;gif;jpg;jpeg;jpe;resx;tiff;tif;png;wav;mfcribbon-ms</Extensions>
    </Filter>
    <Filter Include="Header Files\Singine">
      <UniqueIdentifier>{3359e0e3-3e1f-445e-8a29-f5c23959c42b}</UniqueIdentifier>
    </Filter>
    <Filter Include="Header Files\Graphics">
      <UniqueIdentifier>{5338a08b-d55c-4209-b674-976f13654abf}</UniqueIdentifier>
    </Filter>
    <Filter Include="Source Files\Core">
      <UniqueIdentifier>{9187e23a-baaf-492b-91e8-8848698bee60}</UniqueIdentifier>
    </Filter>
    <Filter Include="Source Files\Window">
      <UniqueIdentifier>{7e3566a9-da91-4859-9d1a-f3dd160f82db}</UniqueIdentifier>
    </Filter>
    <Filter Include="Header Files\Math">
      <UniqueIdentifier>{6f5b82b9-4f61-4900-96dc-a46c77862faa}</UniqueIdentifier>
    </Filter>
    <Filter Include="Header Files\Modeling">
      <UniqueIdentifier>{9207c7bb-6197-4ef6-9bad-1366a1e28542}</UniqueIdentifier>
    </Filter>
    <Filter Include="Header Files\helpers">
      <UniqueIdentifier>{ed8faaaa-beb5-43ec-a008-59ac8119b7dd}</UniqueIdentifier>
    </Filter>
    <Filter Include="Header Files\Scripts">
      <UniqueIdentifier>{c6582471-7e83-41d9-b882-e74feba101dc}</UniqueIdentifier>
    </Filter>
    <Filter Include="Source Files\Scripts">
      <UniqueIdentifier>{cd1941a9-7240-46cd-a22b-201fd88c539b}</UniqueIdentifier>
    </Filter>
    <Filter Include="Header Files\Graphics\Drawing">
      <UniqueIdentifier>{360cb393-6b6a-4043-a249-70980cd56b0e}</UniqueIdentifier>
    </Filter>
    <Filter Include="Source Files\Tests">
      <UniqueIdentifier>{3f7e5151-65f1-4741-8e0e-babdcd98c041}</UniqueIdentifier>
    </Filter>
    <Filter Include="Resource Files\Materials">
      <UniqueIdentifier>{215ac3f5-49d2-4ac0-baa2-5f8301a57978}</UniqueIdentifier>
    </Filter>
    <Filter Include="Resource Files\Shaders">
      <UniqueIdentifier>{1e488651-36fc-410b-8deb-f13130e3d675}</UniqueIdentifier>
    </Filter>
    <Filter Include="Resource Files\Shaders\Shaders">
      <UniqueIdentifier>{7847de55-b154-4713-8a1e-1ae18eb60c27}</UniqueIdentifier>
    </Filter>
    <Filter Include="Resource Files\Prefabs">
      <UniqueIdentifier>{c912ee45-aa47-4a8b-b655-ab0857cceb5c}</UniqueIdentifier>
    </Filter>
    <Filter Include="Resource Files\Textures">
      <UniqueIdentifier>{f56c251f-0560-43a2-9683-d218973c70ba}</UniqueIdentifier>
    </Filter>
  </ItemGroup>
  <ItemGroup>
    <ClCompile Include="src\Source\imaging.c">
      <Filter>Source Files\Core</Filter>
    </ClCompile>
    <ClCompile Include="src\Source\memory.c">
      <Filter>Source Files\Core</Filter>
    </ClCompile>
    <ClCompile Include="src\Source\SingeCore.c">
      <Filter>Source Files</Filter>
    </ClCompile>
    <ClCompile Include="src\Source\cunit.c">
      <Filter>Source Files</Filter>
    </ClCompile>
    <ClCompile Include="src\Source\window.c">
      <Filter>Source Files\Window</Filter>
    </ClCompile>
    <ClCompile Include="src\Source\input.c">
      <Filter>Source Files\Window</Filter>
    </ClCompile>
    <ClCompile Include="src\Source\file.c">
      <Filter>Source Files\Core</Filter>
    </ClCompile>
    <ClCompile Include="src\Source\shaders.c">
      <Filter>Source Files\Core</Filter>
    </ClCompile>
    <ClCompile Include="src\Source\importer.c">
      <Filter>Source Files\Core</Filter>
    </ClCompile>
    <ClCompile Include="src\Source\vectors.c">
      <Filter>Source Files\Core</Filter>
    </ClCompile>
    <ClCompile Include="src\Source\parsing.c">
      <Filter>Source Files\Core</Filter>
    </ClCompile>
    <ClCompile Include="src\Source\strings.c">
      <Filter>Source Files\Core</Filter>
    </ClCompile>
    <ClCompile Include="src\Source\renderMesh.c">
      <Filter>Source Files\Core</Filter>
    </ClCompile>
    <ClCompile Include="src\Source\mesh.c">
      <Filter>Source Files\Core</Filter>
    </ClCompile>
    <ClCompile Include="src\Source\model.c">
      <Filter>Source Files\Core</Filter>
    </ClCompile>
    <ClCompile Include="src\Source\camera.c">
      <Filter>Source Files\Core</Filter>
    </ClCompile>
    <ClCompile Include="src\Source\shadercompiler.c">
      <Filter>Source Files\Core</Filter>
    </ClCompile>
    <ClCompile Include="src\Source\transform.c">
      <Filter>Source Files\Core</Filter>
    </ClCompile>
    <ClCompile Include="src\Source\time.c">
      <Filter>Source Files\Core</Filter>
    </ClCompile>
    <ClCompile Include="src\Source\quaternions.c">
      <Filter>Source Files\Core</Filter>
    </ClCompile>
    <ClCompile Include="src\Source\scripts\fpsCamera.c">
      <Filter>Source Files\Scripts</Filter>
    </ClCompile>
    <ClCompile Include="src\Source\gameobject.c">
      <Filter>Source Files\Core</Filter>
    </ClCompile>
    <ClCompile Include="src\Source\gameobjectHelpers.c">
      <Filter>Source Files\Core</Filter>
    </ClCompile>
    <ClCompile Include="src\Source\texture.c">
      <Filter>Source Files\Core</Filter>
    </ClCompile>
    <ClCompile Include="src\Source\sharedBuffer.c">
      <Filter>Source Files\Core</Filter>
    </ClCompile>
    <ClCompile Include="src\Source\material.c">
      <Filter>Source Files\Core</Filter>
    </ClCompile>
    <ClCompile Include="src\Source\colors.c">
      <Filter>Source Files\Core</Filter>
    </ClCompile>
    <ClCompile Include="src\Source\font.c">
      <Filter>Source Files\Core</Filter>
    </ClCompile>
    <ClCompile Include="src\Source\text.c">
      <Filter>Source Files\Core</Filter>
    </ClCompile>
    <ClCompile Include="src\Source\recttransform.c">
      <Filter>Source Files\Core</Filter>
    </ClCompile>
    <ClCompile Include="src\Source\config.c">
      <Filter>Source Files</Filter>
    </ClCompile>
    <ClCompile Include="src\Source\hashing.c">
      <Filter>Source Files\Core</Filter>
    </ClCompile>
    <ClCompile Include="src\Source\graphicsDevice.c">
      <Filter>Source Files\Core</Filter>
    </ClCompile>
    <ClCompile Include="src\Tests\tests_material.c">
      <Filter>Source Files\Tests</Filter>
    </ClCompile>
    <ClCompile Include="src\Tests\tests.c">
      <Filter>Source Files\Tests</Filter>
    </ClCompile>
    <ClCompile Include="src\Tests\tests_shader.c">
      <Filter>Source Files\Tests</Filter>
    </ClCompile>
    <ClCompile Include="src\Source\ints.c">
      <Filter>Source Files\Core</Filter>
    </ClCompile>
    <ClCompile Include="src\Source\instancedResource.c">
      <Filter>Source Files\Core</Filter>
    </ClCompile>
    <ClCompile Include="src\Source\range.c">
      <Filter>Source Files\Core</Filter>
    </ClCompile>
    <ClCompile Include="src\Source\scene.c">
      <Filter>Source Files\Core</Filter>
    </ClCompile>
    <ClCompile Include="src\Source\floats.c">
      <Filter>Source Files\Core</Filter>
    </ClCompile>
    <ClCompile Include="src\Source\light.c">
      <Filter>Source Files\Core</Filter>
    </ClCompile>
    <ClCompile Include="src\Source\textureDefinitions.c">
      <Filter>Source Files\Core</Filter>
    </ClCompile>
    <ClCompile Include="src\Source\reflection.c">
      <Filter>Source Files\Core</Filter>
    </ClCompile>
    <ClCompile Include="src\Source\renderbuffers.c">
      <Filter>Source Files\Core</Filter>
    </ClCompile>
    <ClCompile Include="src\Source\framebuffers.c">
      <Filter>Source Files\Core</Filter>
    </ClCompile>
  </ItemGroup>
  <ItemGroup>
    <ClInclude Include="src\Headers\csharp.h">
      <Filter>Header Files</Filter>
    </ClInclude>
    <ClInclude Include="src\Headers\Singine\exceptions.h">
      <Filter>Header Files\Singine</Filter>
    </ClInclude>
    <ClInclude Include="src\Headers\Singine\memory.h">
      <Filter>Header Files\Singine</Filter>
    </ClInclude>
    <ClInclude Include="src\Headers\Graphics\imaging.h">
      <Filter>Header Files\Graphics</Filter>
    </ClInclude>
    <ClInclude Include="src\Headers\Graphics\window.h">
      <Filter>Header Files\Graphics</Filter>
    </ClInclude>
    <ClInclude Include="src\Headers\cunit.h">
      <Filter>Header Files\Singine</Filter>
    </ClInclude>
    <ClInclude Include="src\Headers\math\vectors.h">
      <Filter>Header Files\Math</Filter>
    </ClInclude>
    <ClInclude Include="src\Headers\input.h">
      <Filter>Header Files\Singine</Filter>
    </ClInclude>
    <ClInclude Include="src\Headers\singine\guards.h">
      <Filter>Header Files\Singine</Filter>
    </ClInclude>
    <ClInclude Include="src\Headers\singine\file.h">
      <Filter>Header Files\Singine</Filter>
    </ClInclude>
    <ClInclude Include="src\Headers\modeling\importer.h">
      <Filter>Header Files\Modeling</Filter>
    </ClInclude>
    <ClInclude Include="src\Headers\modeling\mesh.h">
      <Filter>Header Files\Modeling</Filter>
    </ClInclude>
    <ClInclude Include="src\Headers\modeling\model.h">
      <Filter>Header Files\Modeling</Filter>
    </ClInclude>
    <ClInclude Include="src\Headers\singine\parsing.h">
      <Filter>Header Files\Singine</Filter>
    </ClInclude>
    <ClInclude Include="src\Headers\graphics\renderMesh.h">
      <Filter>Header Files\Graphics</Filter>
    </ClInclude>
    <ClInclude Include="src\Headers\graphics\camera.h">
      <Filter>Header Files\Graphics</Filter>
    </ClInclude>
    <ClInclude Include="src\Headers\graphics\shadercompiler.h">
      <Filter>Header Files\Graphics</Filter>
    </ClInclude>
    <ClInclude Include="src\Headers\graphics\transform.h">
      <Filter>Header Files\Graphics</Filter>
    </ClInclude>
    <ClInclude Include="src\Headers\math\quaternions.h">
      <Filter>Header Files\Math</Filter>
    </ClInclude>
    <ClInclude Include="src\Headers\helpers\quickmask.h">
      <Filter>Header Files\helpers</Filter>
    </ClInclude>
    <ClInclude Include="src\Headers\math\macros.h">
      <Filter>Header Files\Math</Filter>
    </ClInclude>
    <ClInclude Include="src\Headers\singine\time.h">
      <Filter>Header Files\Singine</Filter>
    </ClInclude>
    <ClInclude Include="src\Headers\scripts\fpsCamera.h">
      <Filter>Header Files\Scripts</Filter>
    </ClInclude>
    <ClInclude Include="src\Headers\helpers\macros.h">
      <Filter>Header Files\helpers</Filter>
    </ClInclude>
    <ClInclude Include="src\Headers\graphics\renderModel.h">
      <Filter>Header Files\Graphics</Filter>
    </ClInclude>
    <ClInclude Include="src\Headers\singine\gameobject.h">
      <Filter>Header Files\Singine</Filter>
    </ClInclude>
    <ClInclude Include="src\Headers\singine\gameobjectHelpers.h">
      <Filter>Header Files\Singine</Filter>
    </ClInclude>
    <ClInclude Include="src\Headers\graphics\texture.h">
      <Filter>Header Files\Graphics</Filter>
    </ClInclude>
    <ClInclude Include="src\Headers\graphics\sharedBuffer.h">
      <Filter>Header Files\Graphics</Filter>
    </ClInclude>
    <ClInclude Include="src\Headers\graphics\material.h">
      <Filter>Header Files\Graphics</Filter>
    </ClInclude>
    <ClInclude Include="src\Headers\graphics\colors.h">
      <Filter>Header Files\Graphics</Filter>
    </ClInclude>
    <ClInclude Include="src\Headers\graphics\font.h">
      <Filter>Header Files\Singine</Filter>
    </ClInclude>
    <ClInclude Include="src\Headers\graphics\text.h">
      <Filter>Header Files\Graphics</Filter>
    </ClInclude>
    <ClInclude Include="src\Headers\graphics\recttransform.h">
      <Filter>Header Files\Graphics</Filter>
    </ClInclude>
    <ClInclude Include="src\Headers\singine\config.h">
      <Filter>Header Files\Singine</Filter>
    </ClInclude>
    <ClInclude Include="src\Headers\singine\hashing.h">
      <Filter>Header Files\Singine</Filter>
    </ClInclude>
    <ClInclude Include="src\Headers\graphics\graphicsDevice.h">
      <Filter>Header Files\Graphics</Filter>
    </ClInclude>
    <ClInclude Include="src\Headers\singine\strings.h">
      <Filter>Header Files\Singine</Filter>
    </ClInclude>
    <ClInclude Include="src\Headers\tests.h">
      <Filter>Header Files</Filter>
    </ClInclude>
    <ClInclude Include="src\Headers\math\ints.h">
      <Filter>Header Files\Math</Filter>
    </ClInclude>
    <ClInclude Include="src\Headers\singine\InstancedResource.h">
      <Filter>Header Files\Singine</Filter>
    </ClInclude>
    <ClInclude Include="src\Headers\math\range.h">
      <Filter>Header Files\Math</Filter>
    </ClInclude>
    <ClInclude Include="src\Headers\graphics\scene.h">
      <Filter>Header Files\Graphics</Filter>
    </ClInclude>
    <ClInclude Include="src\Headers\graphics\light.h">
      <Filter>Header Files\Graphics</Filter>
    </ClInclude>
    <ClInclude Include="src\Headers\math\floats.h">
      <Filter>Header Files\Math</Filter>
    </ClInclude>
    <ClInclude Include="src\Headers\graphics\shaders.h">
      <Filter>Header Files\Graphics</Filter>
    </ClInclude>
    <ClInclude Include="src\Headers\graphics\textureDefinitions.h">
      <Filter>Header Files\Graphics</Filter>
    </ClInclude>
    <ClInclude Include="src\Headers\singine\types.h">
      <Filter>Header Files\Singine</Filter>
    </ClInclude>
    <ClInclude Include="src\Headers\singine\reflection.h">
      <Filter>Header Files\Singine</Filter>
    </ClInclude>
    <ClInclude Include="src\Headers\graphics\renderbuffers.h">
      <Filter>Header Files\Graphics</Filter>
    </ClInclude>
    <ClInclude Include="src\Headers\graphics\framebuffers.h">
      <Filter>Header Files\Graphics</Filter>
    </ClInclude>
    <ClInclude Include="src\Headers\singine\defaults.h">
      <Filter>Header Files\Singine</Filter>
    </ClInclude>
  </ItemGroup>
  <ItemGroup>
    <None Include="assets\shaders\shaderFormat.shader">
      <Filter>Resource Files\Shaders</Filter>
    </None>
    <None Include="assets\materials\debugOrientation.material">
      <Filter>Resource Files\Materials</Filter>
    </None>
    <None Include="assets\materials\debugOrientationGUI.material">
      <Filter>Resource Files\Materials</Filter>
    </None>
    <None Include="assets\materials\default.material">
      <Filter>Resource Files\Materials</Filter>
    </None>
    <None Include="assets\materials\guiMaterial.material">
      <Filter>Resource Files\Materials</Filter>
    </None>
    <None Include="assets\materials\textMaterial.material">
      <Filter>Resource Files\Materials</Filter>
    </None>
    <None Include="assets\materials\textureMaterial.material">
      <Filter>Resource Files\Materials</Filter>
    </None>
    <None Include="assets\materials\uvMaterial.material">
      <Filter>Resource Files\Materials</Filter>
    </None>
    <None Include="assets\prefabs\ball.gameobject">
      <Filter>Resource Files\Prefabs</Filter>
    </None>
    <None Include="assets\prefabs\car.gameobject">
      <Filter>Resource Files\Prefabs</Filter>
    </None>
    <None Include="assets\prefabs\cube.gameobject">
      <Filter>Resource Files\Prefabs</Filter>
    </None>
    <None Include="assets\prefabs\room.gameobject">
      <Filter>Resource Files\Prefabs</Filter>
    </None>
    <None Include="assets\shaders\outlineShader.shader">
      <Filter>Resource Files\Shaders</Filter>
    </None>
    <None Include="assets\materials\outline.material">
      <Filter>Resource Files\Materials</Filter>
    </None>
    <None Include="assets\prefabs\statue.gameobject">
      <Filter>Resource Files\Prefabs</Filter>
    </None>
    <None Include="assets\prefabs\monkey.gameobject">
      <Filter>Resource Files\Prefabs</Filter>
    </None>
    <None Include="assets\prefabs\reflectiveSphere.gameobject">
      <Filter>Resource Files\Prefabs</Filter>
    </None>
    <None Include="assets\prefabs\lightBulb.gameobject">
      <Filter>Resource Files\Prefabs</Filter>
    </None>
    <None Include="assets\prefabs\lightFilament.gameobject">
      <Filter>Resource Files\Prefabs</Filter>
    </None>
    <None Include="assets\materials\cube.material">
      <Filter>Resource Files\Materials</Filter>
    </None>
    <None Include="assets\shaders\default.fragmentshader">
      <Filter>Resource Files\Shaders\Shaders</Filter>
    </None>
    <None Include="assets\shaders\diffuseLit.fragmentshader">
      <Filter>Resource Files\Shaders\Shaders</Filter>
    </None>
    <None Include="assets\shaders\outlineShader.fragmentshader">
      <Filter>Resource Files\Shaders\Shaders</Filter>
    </None>
    <None Include="assets\shaders\text.fragmentshader">
      <Filter>Resource Files\Shaders\Shaders</Filter>
    </None>
    <None Include="assets\shaders\default.vertexshader">
      <Filter>Resource Files\Shaders\Shaders</Filter>
    </None>
    <None Include="assets\shaders\GUIShader.vertexshader">
      <Filter>Resource Files\Shaders\Shaders</Filter>
    </None>
    <None Include="assets\shaders\outlineShader.vertexshader">
      <Filter>Resource Files\Shaders\Shaders</Filter>
    </None>
    <None Include="assets\shaders\text.vertexshader">
      <Filter>Resource Files\Shaders\Shaders</Filter>
    </None>
    <None Include="assets\shaders\diffuseLit.shader">
      <Filter>Resource Files\Shaders</Filter>
    </None>
    <None Include="assets\materials\silver.material">
      <Filter>Resource Files\Materials</Filter>
    </None>
    <None Include="assets\shaders\lit.fragmentshader">
      <Filter>Resource Files\Shaders\Shaders</Filter>
    </None>
    <None Include="assets\prefabs\lamp.gameobject">
      <Filter>Resource Files\Prefabs</Filter>
    </None>
    <None Include="assets\textures\cube_uv.texture">
      <Filter>Resource Files\Textures</Filter>
    </None>
    <None Include="assets\textures\cube_specular.texture">
      <Filter>Resource Files\Textures</Filter>
    </None>
    <None Include="assets\shaders\skybox.shader">
      <Filter>Resource Files\Shaders</Filter>
    </None>
    <None Include="assets\shaders\text.shader">
      <Filter>Resource Files\Shaders</Filter>
    </None>
    <None Include="assets\shaders\skybox.fragmentshader">
      <Filter>Resource Files\Shaders\Shaders</Filter>
    </None>
    <None Include="assets\shaders\skybox.vertexshader">
      <Filter>Resource Files\Shaders\Shaders</Filter>
    </None>
    <None Include="assets\textures\skybox.texture">
      <Filter>Resource Files\Textures</Filter>
    </None>
    <None Include="assets\prefabs\sphere.gameobject">
      <Filter>Resource Files\Prefabs</Filter>
    </None>
    <None Include="assets\materials\mirror.material">
      <Filter>Resource Files\Materials</Filter>
    </None>
    <None Include="assets\shaders\debug_normal.fragmentshader">
      <Filter>Resource Files\Shaders\Shaders</Filter>
    </None>
    <None Include="assets\shaders\debug_normal.vertexshader">
      <Filter>Resource Files\Shaders\Shaders</Filter>
    </None>
    <None Include="assets\shaders\debug_normal.shader">
      <Filter>Resource Files\Shaders</Filter>
    </None>
    <None Include="assets\shaders\debug_normal.geometryshader">
      <Filter>Resource Files\Shaders\Shaders</Filter>
    </None>
    <None Include="assets\shaders\stub_mvp.vertexshader">
      <Filter>Resource Files\Shaders\Shaders</Filter>
    </None>
    <None Include="assets\shaders\empty.fragmentshader">
      <Filter>Resource Files\Shaders\Shaders</Filter>
    </None>
    <None Include="assets\shaders\depthMap.fragmentshader">
      <Filter>Resource Files\Shaders\Shaders</Filter>
    </None>
    <None Include="assets\shaders\depthMap.vertexshader">
      <Filter>Resource Files\Shaders\Shaders</Filter>
    </None>
    <None Include="assets\materials\depthMap.material">
      <Filter>Resource Files\Materials</Filter>
    </None>
    <None Include="assets\materials\shadow.material">
      <Filter>Resource Files\Materials</Filter>
    </None>
    <None Include="assets\shaders\depthMap.shader">
      <Filter>Resource Files\Shaders</Filter>
    </None>
    <None Include="assets\shaders\shadow.shader">
      <Filter>Resource Files\Shaders</Filter>
    </None>
    <None Include="assets\shaders\stub_model.vertexshader">
      <Filter>Resource Files\Shaders\Shaders</Filter>
    </None>
    <None Include="assets\shaders\cubemapShadow.shader">
      <Filter>Resource Files\Shaders</Filter>
    </None>
    <None Include="assets\materials\shadowCubemap.material">
      <Filter>Resource Files\Materials</Filter>
    </None>
    <None Include="assets\shaders\cubemap.geometryshader">
      <Filter>Resource Files\Shaders\Shaders</Filter>
    </None>
    <None Include="assets\shaders\linearCubemap.fragmentshader">
      <Filter>Resource Files\Shaders\Shaders</Filter>
    </None>
    <None Include="assets\prefabs\skybox.gameobject">
      <Filter>Resource Files\Prefabs</Filter>
    </None>
    <None Include="assets\materials\skybox.material">
      <Filter>Resource Files\Materials</Filter>
    </None>
    <None Include="assets\shaders\debug_cubeDepthMap.fragmentshader">
      <Filter>Resource Files\Shaders\Shaders</Filter>
    </None>
    <None Include="assets\shaders\debug_cubeDepthMap.vertexshader">
      <Filter>Resource Files\Shaders\Shaders</Filter>
    </None>
    <None Include="assets\materials\debug_cubeDepthMap.material">
      <Filter>Resource Files\Materials</Filter>
    </None>
    <None Include="assets\shaders\debug_cubeDepthMap.shader">
      <Filter>Resource Files\Shaders</Filter>
    </None>
    <None Include="assets\materials\marble.material">
      <Filter>Resource Files\Materials</Filter>
    </None>
    <None Include="assets\textures\marble_uv.texture">
      <Filter>Resource Files\Textures</Filter>
    </None>
    <None Include="assets\textures\marble_specular.texture">
      <Filter>Resource Files\Textures</Filter>
    </None>
    <None Include="assets\prefabs\mirrorStatue.gameobject">
      <Filter>Resource Files\Prefabs</Filter>
    </None>
  </ItemGroup>
  <ItemGroup>
    <Text Include="assets\prefabs\lightBase.gameobject">
      <Filter>Resource Files\Prefabs</Filter>
    </Text>
  </ItemGroup>
</Project>