<?xml version="1.0" encoding="utf-8"?>
<Project ToolsVersion="4.0" xmlns="http://schemas.microsoft.com/developer/msbuild/2003">
  <ItemGroup>
    <Filter Include="Source Files">
      <UniqueIdentifier>{4FC737F1-C7A5-4376-A066-2A32D752A2FF}</UniqueIdentifier>
      <Extensions>cpp;c;cc;cxx;c++;cppm;ixx;def;odl;idl;hpj;bat;asm;asmx</Extensions>
    </Filter>
    <Filter Include="Header Files">
      <UniqueIdentifier>{93995380-89BD-4b04-88EB-625FBE52EBFB}</UniqueIdentifier>
      <Extensions>h;hh;hpp;hxx;h++;hm;inl;inc;ipp;xsd</Extensions>
    </Filter>
    <Filter Include="Resource Files">
      <UniqueIdentifier>{67DA6AB6-F800-4c08-8B7A-83BB121AAD01}</UniqueIdentifier>
      <Extensions>rc;ico;cur;bmp;dlg;rc2;rct;bin;rgs;gif;jpg;jpeg;jpe;resx;tiff;tif;png;wav;mfcribbon-ms</Extensions>
    </Filter>
    <Filter Include="Source Files\Structures">
      <UniqueIdentifier>{32a73270-75d3-413e-9f1b-52d85c0c0250}</UniqueIdentifier>
    </Filter>
    <Filter Include="Header Files\Singine">
      <UniqueIdentifier>{3359e0e3-3e1f-445e-8a29-f5c23959c42b}</UniqueIdentifier>
    </Filter>
    <Filter Include="Header Files\Graphics">
      <UniqueIdentifier>{5338a08b-d55c-4209-b674-976f13654abf}</UniqueIdentifier>
    </Filter>
    <Filter Include="Source Files\Core">
      <UniqueIdentifier>{9187e23a-baaf-492b-91e8-8848698bee60}</UniqueIdentifier>
    </Filter>
    <Filter Include="Source Files\Window">
      <UniqueIdentifier>{7e3566a9-da91-4859-9d1a-f3dd160f82db}</UniqueIdentifier>
    </Filter>
    <Filter Include="Header Files\Math">
      <UniqueIdentifier>{6f5b82b9-4f61-4900-96dc-a46c77862faa}</UniqueIdentifier>
    </Filter>
    <Filter Include="Header Files\Graphics\Shaders">
      <UniqueIdentifier>{90377ebf-f80a-4a98-9bbf-79c985cc24b2}</UniqueIdentifier>
    </Filter>
    <Filter Include="Header Files\Modeling">
      <UniqueIdentifier>{9207c7bb-6197-4ef6-9bad-1366a1e28542}</UniqueIdentifier>
    </Filter>
  </ItemGroup>
  <ItemGroup>
    <ClCompile Include="src\Source\enumerable.c">
      <Filter>Source Files\Structures</Filter>
    </ClCompile>
    <ClCompile Include="src\Source\imaging.c">
      <Filter>Source Files\Core</Filter>
    </ClCompile>
    <ClCompile Include="src\Source\memory.c">
      <Filter>Source Files\Core</Filter>
    </ClCompile>
    <ClCompile Include="src\Source\SingeCore.c">
      <Filter>Source Files</Filter>
    </ClCompile>
    <ClCompile Include="src\Headers\singine\enumerableItem.c">
      <Filter>Source Files\Structures</Filter>
    </ClCompile>
    <ClCompile Include="src\Source\cunit.c">
      <Filter>Source Files</Filter>
    </ClCompile>
    <ClCompile Include="src\Headers\singine\generics.c">
      <Filter>Source Files\Core</Filter>
    </ClCompile>
    <ClCompile Include="src\Source\window.c">
      <Filter>Source Files\Window</Filter>
    </ClCompile>
    <ClCompile Include="src\Source\input.c">
      <Filter>Source Files\Window</Filter>
    </ClCompile>
    <ClCompile Include="src\Source\file.c">
      <Filter>Source Files\Core</Filter>
    </ClCompile>
    <ClCompile Include="src\Source\shaders.c">
      <Filter>Source Files\Core</Filter>
    </ClCompile>
    <ClCompile Include="src\Source\importer.c">
      <Filter>Source Files\Core</Filter>
    </ClCompile>
    <ClCompile Include="src\Source\vectors.c">
      <Filter>Source Files\Core</Filter>
    </ClCompile>
    <ClCompile Include="src\Source\parsing.c">
      <Filter>Source Files\Core</Filter>
    </ClCompile>
    <ClCompile Include="src\Source\conversions.c">
      <Filter>Source Files\Core</Filter>
    </ClCompile>
    <ClCompile Include="src\Source\rendermodel.c">
      <Filter>Source Files\Core</Filter>
    </ClCompile>
    <ClCompile Include="src\Source\mesh.c">
      <Filter>Source Files\Core</Filter>
    </ClCompile>
    <ClCompile Include="src\Source\model.c">
      <Filter>Source Files\Core</Filter>
    </ClCompile>
    <ClCompile Include="src\Source\camera.c">
      <Filter>Source Files\Core</Filter>
    </ClCompile>
    <ClCompile Include="src\Source\shadercompiler.c">
      <Filter>Source Files\Core</Filter>
    </ClCompile>
    <ClCompile Include="src\Source\transform.c">
      <Filter>Source Files\Core</Filter>
    </ClCompile>
  </ItemGroup>
  <ItemGroup>
    <ClInclude Include="src\Headers\csharp.h">
      <Filter>Header Files</Filter>
    </ClInclude>
    <ClInclude Include="src\Headers\Singine\enumerable.h">
      <Filter>Header Files\Singine</Filter>
    </ClInclude>
    <ClInclude Include="src\Headers\Singine\exceptions.h">
      <Filter>Header Files\Singine</Filter>
    </ClInclude>
    <ClInclude Include="src\Headers\Singine\memory.h">
      <Filter>Header Files\Singine</Filter>
    </ClInclude>
    <ClInclude Include="src\Headers\Graphics\imaging.h">
      <Filter>Header Files\Graphics</Filter>
    </ClInclude>
    <ClInclude Include="src\Headers\Graphics\window.h">
      <Filter>Header Files\Graphics</Filter>
    </ClInclude>
    <ClInclude Include="src\Headers\singine\enumerableItem.h">
      <Filter>Header Files\Singine</Filter>
    </ClInclude>
    <ClInclude Include="src\Headers\singine\generics.h">
      <Filter>Header Files\Singine</Filter>
    </ClInclude>
    <ClInclude Include="src\Headers\cunit.h">
      <Filter>Header Files\Singine</Filter>
    </ClInclude>
    <ClInclude Include="src\Headers\math\vectors.h">
      <Filter>Header Files\Math</Filter>
    </ClInclude>
    <ClInclude Include="src\Headers\math\shapes.h">
      <Filter>Header Files\Math</Filter>
    </ClInclude>
    <ClInclude Include="src\Headers\input.h">
      <Filter>Header Files\Singine</Filter>
    </ClInclude>
    <ClInclude Include="src\Headers\graphics\shaders.h">
      <Filter>Header Files\Graphics\Shaders</Filter>
    </ClInclude>
    <ClInclude Include="src\Headers\singine\guards.h">
      <Filter>Header Files\Singine</Filter>
    </ClInclude>
    <ClInclude Include="src\Headers\singine\file.h">
      <Filter>Header Files\Singine</Filter>
    </ClInclude>
    <ClInclude Include="src\Headers\modeling\importer.h">
      <Filter>Header Files\Modeling</Filter>
    </ClInclude>
    <ClInclude Include="src\Headers\modeling\mesh.h">
      <Filter>Header Files\Modeling</Filter>
    </ClInclude>
    <ClInclude Include="src\Headers\modeling\model.h">
      <Filter>Header Files\Modeling</Filter>
    </ClInclude>
    <ClInclude Include="src\Headers\singine\parsing.h">
      <Filter>Header Files\Singine</Filter>
    </ClInclude>
    <ClInclude Include="src\Headers\singine\conversions.h">
      <Filter>Header Files\Singine</Filter>
    </ClInclude>
    <ClInclude Include="src\Headers\graphics\renderModel.h">
      <Filter>Header Files\Graphics</Filter>
    </ClInclude>
    <ClInclude Include="src\Headers\graphics\camera.h">
      <Filter>Header Files\Graphics</Filter>
    </ClInclude>
    <ClInclude Include="src\Headers\graphics\shadercompiler.h">
      <Filter>Header Files\Graphics</Filter>
    </ClInclude>
    <ClInclude Include="src\Headers\graphics\transform.h">
      <Filter>Header Files\Graphics</Filter>
    </ClInclude>
    <ClInclude Include="src\Headers\math\quaternions.h">
      <Filter>Header Files\Math</Filter>
    </ClInclude>
  </ItemGroup>
  <ItemGroup>
    <None Include="SimpleFragmentShader.fragmentshader">
      <Filter>Resource Files</Filter>
    </None>
    <None Include="SimpleVertexShader.vertexshader">
      <Filter>Resource Files</Filter>
    </None>
  </ItemGroup>
</Project>