<?xml version="1.0" encoding="utf-8"?>
<Project ToolsVersion="17.0" xmlns="http://schemas.microsoft.com/developer/msbuild/2003">
  <ItemGroup>
    <CustomBuild Include="C:\Repos\Singine\cglm-subbuild\CMakeFiles\d1719f539f660c9b18e7b4c9c38b4f07\generate.stamp.rule">
      <Filter>CMake Rules</Filter>
    </CustomBuild>
  </ItemGroup>
  <ItemGroup>
    <Filter Include="CMake Rules">
      <UniqueIdentifier>{C0963856-6582-319A-8FAE-1C0A5BB1D7FF}</UniqueIdentifier>
    </Filter>
  </ItemGroup>
</Project>
