<?xml version="1.0" encoding="utf-8"?>
<Project ToolsVersion="17.0" xmlns="http://schemas.microsoft.com/developer/msbuild/2003">
  <ItemGroup>
    <ClCompile Include="C:\Repos\Singine\Engine\Source\Collider.c">
      <Filter>Source Files</Filter>
    </ClCompile>
    <ClCompile Include="C:\Repos\Singine\Engine\Source\EntryPoint.c">
      <Filter>Source Files</Filter>
    </ClCompile>
    <ClCompile Include="C:\Repos\Singine\Engine\Source\camera.c">
      <Filter>Source Files</Filter>
    </ClCompile>
    <ClCompile Include="C:\Repos\Singine\Engine\Source\colors.c">
      <Filter>Source Files</Filter>
    </ClCompile>
    <ClCompile Include="C:\Repos\Singine\Engine\Source\drawing.c">
      <Filter>Source Files</Filter>
    </ClCompile>
    <ClCompile Include="C:\Repos\Singine\Engine\Source\font.c">
      <Filter>Source Files</Filter>
    </ClCompile>
    <ClCompile Include="C:\Repos\Singine\Engine\Source\framebuffers.c">
      <Filter>Source Files</Filter>
    </ClCompile>
    <ClCompile Include="C:\Repos\Singine\Engine\Source\gameobject.c">
      <Filter>Source Files</Filter>
    </ClCompile>
    <ClCompile Include="C:\Repos\Singine\Engine\Source\gameobjectHelpers.c">
      <Filter>Source Files</Filter>
    </ClCompile>
    <ClCompile Include="C:\Repos\Singine\Engine\Source\graphicsDevice.c">
      <Filter>Source Files</Filter>
    </ClCompile>
    <ClCompile Include="C:\Repos\Singine\Engine\Source\importer.c">
      <Filter>Source Files</Filter>
    </ClCompile>
    <ClCompile Include="C:\Repos\Singine\Engine\Source\input.c">
      <Filter>Source Files</Filter>
    </ClCompile>
    <ClCompile Include="C:\Repos\Singine\Engine\Source\instancedResource.c">
      <Filter>Source Files</Filter>
    </ClCompile>
    <ClCompile Include="C:\Repos\Singine\Engine\Source\light.c">
      <Filter>Source Files</Filter>
    </ClCompile>
    <ClCompile Include="C:\Repos\Singine\Engine\Source\material.c">
      <Filter>Source Files</Filter>
    </ClCompile>
    <ClCompile Include="C:\Repos\Singine\Engine\Source\mesh.c">
      <Filter>Source Files</Filter>
    </ClCompile>
    <ClCompile Include="C:\Repos\Singine\Engine\Source\model.c">
      <Filter>Source Files</Filter>
    </ClCompile>
    <ClCompile Include="C:\Repos\Singine\Engine\Source\neat.c">
      <Filter>Source Files</Filter>
    </ClCompile>
    <ClCompile Include="C:\Repos\Singine\Engine\Source\objectPool.c">
      <Filter>Source Files</Filter>
    </ClCompile>
    <ClCompile Include="C:\Repos\Singine\Engine\Source\physics.c">
      <Filter>Source Files</Filter>
    </ClCompile>
    <ClCompile Include="C:\Repos\Singine\Engine\Source\recttransform.c">
      <Filter>Source Files</Filter>
    </ClCompile>
    <ClCompile Include="C:\Repos\Singine\Engine\Source\renderMesh.c">
      <Filter>Source Files</Filter>
    </ClCompile>
    <ClCompile Include="C:\Repos\Singine\Engine\Source\renderbuffers.c">
      <Filter>Source Files</Filter>
    </ClCompile>
    <ClCompile Include="C:\Repos\Singine\Engine\Source\scene.c">
      <Filter>Source Files</Filter>
    </ClCompile>
    <ClCompile Include="C:\Repos\Singine\Engine\Source\scripts\fpsCamera.c">
      <Filter>Source Files</Filter>
    </ClCompile>
    <ClCompile Include="C:\Repos\Singine\Engine\Source\shadercompiler.c">
      <Filter>Source Files</Filter>
    </ClCompile>
    <ClCompile Include="C:\Repos\Singine\Engine\Source\shaders.c">
      <Filter>Source Files</Filter>
    </ClCompile>
    <ClCompile Include="C:\Repos\Singine\Engine\Source\sharedBuffer.c">
      <Filter>Source Files</Filter>
    </ClCompile>
    <ClCompile Include="C:\Repos\Singine\Engine\Source\text.c">
      <Filter>Source Files</Filter>
    </ClCompile>
    <ClCompile Include="C:\Repos\Singine\Engine\Source\texture.c">
      <Filter>Source Files</Filter>
    </ClCompile>
    <ClCompile Include="C:\Repos\Singine\Engine\Source\textureDefinitions.c">
      <Filter>Source Files</Filter>
    </ClCompile>
    <ClCompile Include="C:\Repos\Singine\Engine\Source\time.c">
      <Filter>Source Files</Filter>
    </ClCompile>
    <ClCompile Include="C:\Repos\Singine\Engine\Source\transform.c">
      <Filter>Source Files</Filter>
    </ClCompile>
    <ClCompile Include="C:\Repos\Singine\Engine\Source\voxel.c">
      <Filter>Source Files</Filter>
    </ClCompile>
    <ClCompile Include="C:\Repos\Singine\Engine\Source\window.c">
      <Filter>Source Files</Filter>
    </ClCompile>
  </ItemGroup>
  <ItemGroup>
    <ClInclude Include="C:\Repos\Singine\Engine\Headers\engine\InstancedResource.h">
      <Filter>Header Files</Filter>
    </ClInclude>
    <ClInclude Include="C:\Repos\Singine\Engine\Headers\engine\ai\neat.h">
      <Filter>Header Files</Filter>
    </ClInclude>
    <ClInclude Include="C:\Repos\Singine\Engine\Headers\engine\data\objectPool.h">
      <Filter>Header Files</Filter>
    </ClInclude>
    <ClInclude Include="C:\Repos\Singine\Engine\Headers\engine\defaults.h">
      <Filter>Header Files</Filter>
    </ClInclude>
    <ClInclude Include="C:\Repos\Singine\Engine\Headers\engine\gameobject.h">
      <Filter>Header Files</Filter>
    </ClInclude>
    <ClInclude Include="C:\Repos\Singine\Engine\Headers\engine\gameobjectHelpers.h">
      <Filter>Header Files</Filter>
    </ClInclude>
    <ClInclude Include="C:\Repos\Singine\Engine\Headers\engine\graphics\camera.h">
      <Filter>Header Files</Filter>
    </ClInclude>
    <ClInclude Include="C:\Repos\Singine\Engine\Headers\engine\graphics\colors.h">
      <Filter>Header Files</Filter>
    </ClInclude>
    <ClInclude Include="C:\Repos\Singine\Engine\Headers\engine\graphics\drawing.h">
      <Filter>Header Files</Filter>
    </ClInclude>
    <ClInclude Include="C:\Repos\Singine\Engine\Headers\engine\graphics\font.h">
      <Filter>Header Files</Filter>
    </ClInclude>
    <ClInclude Include="C:\Repos\Singine\Engine\Headers\engine\graphics\framebuffers.h">
      <Filter>Header Files</Filter>
    </ClInclude>
    <ClInclude Include="C:\Repos\Singine\Engine\Headers\engine\graphics\graphicsDevice.h">
      <Filter>Header Files</Filter>
    </ClInclude>
    <ClInclude Include="C:\Repos\Singine\Engine\Headers\engine\graphics\imaging.h">
      <Filter>Header Files</Filter>
    </ClInclude>
    <ClInclude Include="C:\Repos\Singine\Engine\Headers\engine\graphics\light.h">
      <Filter>Header Files</Filter>
    </ClInclude>
    <ClInclude Include="C:\Repos\Singine\Engine\Headers\engine\graphics\material.h">
      <Filter>Header Files</Filter>
    </ClInclude>
    <ClInclude Include="C:\Repos\Singine\Engine\Headers\engine\graphics\recttransform.h">
      <Filter>Header Files</Filter>
    </ClInclude>
    <ClInclude Include="C:\Repos\Singine\Engine\Headers\engine\graphics\renderMesh.h">
      <Filter>Header Files</Filter>
    </ClInclude>
    <ClInclude Include="C:\Repos\Singine\Engine\Headers\engine\graphics\renderModel.h">
      <Filter>Header Files</Filter>
    </ClInclude>
    <ClInclude Include="C:\Repos\Singine\Engine\Headers\engine\graphics\renderbuffers.h">
      <Filter>Header Files</Filter>
    </ClInclude>
    <ClInclude Include="C:\Repos\Singine\Engine\Headers\engine\graphics\scene.h">
      <Filter>Header Files</Filter>
    </ClInclude>
    <ClInclude Include="C:\Repos\Singine\Engine\Headers\engine\graphics\shadercompiler.h">
      <Filter>Header Files</Filter>
    </ClInclude>
    <ClInclude Include="C:\Repos\Singine\Engine\Headers\engine\graphics\shaders.h">
      <Filter>Header Files</Filter>
    </ClInclude>
    <ClInclude Include="C:\Repos\Singine\Engine\Headers\engine\graphics\sharedBuffer.h">
      <Filter>Header Files</Filter>
    </ClInclude>
    <ClInclude Include="C:\Repos\Singine\Engine\Headers\engine\graphics\text.h">
      <Filter>Header Files</Filter>
    </ClInclude>
    <ClInclude Include="C:\Repos\Singine\Engine\Headers\engine\graphics\texture.h">
      <Filter>Header Files</Filter>
    </ClInclude>
    <ClInclude Include="C:\Repos\Singine\Engine\Headers\engine\graphics\textureDefinitions.h">
      <Filter>Header Files</Filter>
    </ClInclude>
    <ClInclude Include="C:\Repos\Singine\Engine\Headers\engine\graphics\transform.h">
      <Filter>Header Files</Filter>
    </ClInclude>
    <ClInclude Include="C:\Repos\Singine\Engine\Headers\engine\graphics\window.h">
      <Filter>Header Files</Filter>
    </ClInclude>
    <ClInclude Include="C:\Repos\Singine\Engine\Headers\engine\input\input.h">
      <Filter>Header Files</Filter>
    </ClInclude>
    <ClInclude Include="C:\Repos\Singine\Engine\Headers\engine\modeling\importer.h">
      <Filter>Header Files</Filter>
    </ClInclude>
    <ClInclude Include="C:\Repos\Singine\Engine\Headers\engine\modeling\mesh.h">
      <Filter>Header Files</Filter>
    </ClInclude>
    <ClInclude Include="C:\Repos\Singine\Engine\Headers\engine\modeling\model.h">
      <Filter>Header Files</Filter>
    </ClInclude>
    <ClInclude Include="C:\Repos\Singine\Engine\Headers\engine\physics\Collider.h">
      <Filter>Header Files</Filter>
    </ClInclude>
    <ClInclude Include="C:\Repos\Singine\Engine\Headers\engine\physics\physics.h">
      <Filter>Header Files</Filter>
    </ClInclude>
    <ClInclude Include="C:\Repos\Singine\Engine\Headers\engine\physics\voxel.h">
      <Filter>Header Files</Filter>
    </ClInclude>
    <ClInclude Include="C:\Repos\Singine\Engine\Headers\engine\scripts\fpsCamera.h">
      <Filter>Header Files</Filter>
    </ClInclude>
    <ClInclude Include="C:\Repos\Singine\Engine\Headers\engine\time.h">
      <Filter>Header Files</Filter>
    </ClInclude>
  </ItemGroup>
  <ItemGroup>
    <CustomBuild Include="C:\Repos\Singine\CMakeLists.txt" />
  </ItemGroup>
  <ItemGroup>
    <Filter Include="Header Files">
      <UniqueIdentifier>{AF8624D1-3FAF-3C7F-9A39-EE8710E5D0B5}</UniqueIdentifier>
    </Filter>
    <Filter Include="Source Files">
      <UniqueIdentifier>{4A4601BF-CAB5-3BDD-ACEA-82F4F3A4A3F1}</UniqueIdentifier>
    </Filter>
  </ItemGroup>
</Project>
