
Microsoft Visual Studio Solution File, Format Version 12.00
# Visual Studio Version 17
Project("{8BC9CEB8-8B4A-11D0-8D11-00A0C91BC942}") = "ALL_BUILD", "ALL_BUILD.vcxproj", "{6FB6653A-C3DE-37E9-8E9F-6A01486D2BC4}"
	ProjectSection(ProjectDependencies) = postProject
		{9CCBAA9D-CF16-3EBC-B9E1-96A4289EBC4E} = {9CCBAA9D-CF16-3EBC-B9E1-96A4289EBC4E}
		{EAE70CBC-C488-3C70-ACFB-811073C15B4E} = {EAE70CBC-C488-3C70-ACFB-811073C15B4E}
		{8DD349A3-E763-3BC2-B8DB-32F55D6676A5} = {8DD349A3-E763-3BC2-B8DB-32F55D6676A5}
		{B7A4E915-A1C2-3E81-B66A-05691C72D0CB} = {B7A4E915-A1C2-3E81-B66A-05691C72D0CB}
	EndProjectSection
EndProject
Project("{8BC9CEB8-8B4A-11D0-8D11-00A0C91BC942}") = "Core", "Core.vcxproj", "{9CCBAA9D-CF16-3EBC-B9E1-96A4289EBC4E}"
	ProjectSection(ProjectDependencies) = postProject
		{8DD349A3-E763-3BC2-B8DB-32F55D6676A5} = {8DD349A3-E763-3BC2-B8DB-32F55D6676A5}
		{B7A4E915-A1C2-3E81-B66A-05691C72D0CB} = {B7A4E915-A1C2-3E81-B66A-05691C72D0CB}
	EndProjectSection
EndProject
Project("{8BC9CEB8-8B4A-11D0-8D11-00A0C91BC942}") = "Engine", "Engine.vcxproj", "{EAE70CBC-C488-3C70-ACFB-811073C15B4E}"
	ProjectSection(ProjectDependencies) = postProject
		{9CCBAA9D-CF16-3EBC-B9E1-96A4289EBC4E} = {9CCBAA9D-CF16-3EBC-B9E1-96A4289EBC4E}
		{8DD349A3-E763-3BC2-B8DB-32F55D6676A5} = {8DD349A3-E763-3BC2-B8DB-32F55D6676A5}
	EndProjectSection
EndProject
Project("{8BC9CEB8-8B4A-11D0-8D11-00A0C91BC942}") = "INSTALL", "INSTALL.vcxproj", "{AEBE7D05-A74F-3251-ACF8-09E06D57B52D}"
	ProjectSection(ProjectDependencies) = postProject
		{6FB6653A-C3DE-37E9-8E9F-6A01486D2BC4} = {6FB6653A-C3DE-37E9-8E9F-6A01486D2BC4}
		{8DD349A3-E763-3BC2-B8DB-32F55D6676A5} = {8DD349A3-E763-3BC2-B8DB-32F55D6676A5}
	EndProjectSection
EndProject
Project("{8BC9CEB8-8B4A-11D0-8D11-00A0C91BC942}") = "PACKAGE", "PACKAGE.vcxproj", "{474EBE6A-8359-31D3-874F-78572153CDD6}"
	ProjectSection(ProjectDependencies) = postProject
		{6FB6653A-C3DE-37E9-8E9F-6A01486D2BC4} = {6FB6653A-C3DE-37E9-8E9F-6A01486D2BC4}
		{8DD349A3-E763-3BC2-B8DB-32F55D6676A5} = {8DD349A3-E763-3BC2-B8DB-32F55D6676A5}
	EndProjectSection
EndProject
Project("{8BC9CEB8-8B4A-11D0-8D11-00A0C91BC942}") = "ZERO_CHECK", "ZERO_CHECK.vcxproj", "{8DD349A3-E763-3BC2-B8DB-32F55D6676A5}"
	ProjectSection(ProjectDependencies) = postProject
	EndProjectSection
EndProject
Project("{8BC9CEB8-8B4A-11D0-8D11-00A0C91BC942}") = "cglm", "cglm\build\cglm.vcxproj", "{B7A4E915-A1C2-3E81-B66A-05691C72D0CB}"
	ProjectSection(ProjectDependencies) = postProject
		{8DD349A3-E763-3BC2-B8DB-32F55D6676A5} = {8DD349A3-E763-3BC2-B8DB-32F55D6676A5}
	EndProjectSection
EndProject
Global
	GlobalSection(SolutionConfigurationPlatforms) = preSolution
		Debug|x64 = Debug|x64
		Release|x64 = Release|x64
		MinSizeRel|x64 = MinSizeRel|x64
		RelWithDebInfo|x64 = RelWithDebInfo|x64
	EndGlobalSection
	GlobalSection(ProjectConfigurationPlatforms) = postSolution
		{6FB6653A-C3DE-37E9-8E9F-6A01486D2BC4}.Debug|x64.ActiveCfg = Debug|x64
		{6FB6653A-C3DE-37E9-8E9F-6A01486D2BC4}.Debug|x64.Build.0 = Debug|x64
		{6FB6653A-C3DE-37E9-8E9F-6A01486D2BC4}.Release|x64.ActiveCfg = Release|x64
		{6FB6653A-C3DE-37E9-8E9F-6A01486D2BC4}.Release|x64.Build.0 = Release|x64
		{6FB6653A-C3DE-37E9-8E9F-6A01486D2BC4}.MinSizeRel|x64.ActiveCfg = MinSizeRel|x64
		{6FB6653A-C3DE-37E9-8E9F-6A01486D2BC4}.MinSizeRel|x64.Build.0 = MinSizeRel|x64
		{6FB6653A-C3DE-37E9-8E9F-6A01486D2BC4}.RelWithDebInfo|x64.ActiveCfg = RelWithDebInfo|x64
		{6FB6653A-C3DE-37E9-8E9F-6A01486D2BC4}.RelWithDebInfo|x64.Build.0 = RelWithDebInfo|x64
		{9CCBAA9D-CF16-3EBC-B9E1-96A4289EBC4E}.Debug|x64.ActiveCfg = Debug|x64
		{9CCBAA9D-CF16-3EBC-B9E1-96A4289EBC4E}.Debug|x64.Build.0 = Debug|x64
		{9CCBAA9D-CF16-3EBC-B9E1-96A4289EBC4E}.Release|x64.ActiveCfg = Release|x64
		{9CCBAA9D-CF16-3EBC-B9E1-96A4289EBC4E}.Release|x64.Build.0 = Release|x64
		{9CCBAA9D-CF16-3EBC-B9E1-96A4289EBC4E}.MinSizeRel|x64.ActiveCfg = MinSizeRel|x64
		{9CCBAA9D-CF16-3EBC-B9E1-96A4289EBC4E}.MinSizeRel|x64.Build.0 = MinSizeRel|x64
		{9CCBAA9D-CF16-3EBC-B9E1-96A4289EBC4E}.RelWithDebInfo|x64.ActiveCfg = RelWithDebInfo|x64
		{9CCBAA9D-CF16-3EBC-B9E1-96A4289EBC4E}.RelWithDebInfo|x64.Build.0 = RelWithDebInfo|x64
		{EAE70CBC-C488-3C70-ACFB-811073C15B4E}.Debug|x64.ActiveCfg = Debug|x64
		{EAE70CBC-C488-3C70-ACFB-811073C15B4E}.Debug|x64.Build.0 = Debug|x64
		{EAE70CBC-C488-3C70-ACFB-811073C15B4E}.Release|x64.ActiveCfg = Release|x64
		{EAE70CBC-C488-3C70-ACFB-811073C15B4E}.Release|x64.Build.0 = Release|x64
		{EAE70CBC-C488-3C70-ACFB-811073C15B4E}.MinSizeRel|x64.ActiveCfg = MinSizeRel|x64
		{EAE70CBC-C488-3C70-ACFB-811073C15B4E}.MinSizeRel|x64.Build.0 = MinSizeRel|x64
		{EAE70CBC-C488-3C70-ACFB-811073C15B4E}.RelWithDebInfo|x64.ActiveCfg = RelWithDebInfo|x64
		{EAE70CBC-C488-3C70-ACFB-811073C15B4E}.RelWithDebInfo|x64.Build.0 = RelWithDebInfo|x64
		{AEBE7D05-A74F-3251-ACF8-09E06D57B52D}.Debug|x64.ActiveCfg = Debug|x64
		{AEBE7D05-A74F-3251-ACF8-09E06D57B52D}.Release|x64.ActiveCfg = Release|x64
		{AEBE7D05-A74F-3251-ACF8-09E06D57B52D}.MinSizeRel|x64.ActiveCfg = MinSizeRel|x64
		{AEBE7D05-A74F-3251-ACF8-09E06D57B52D}.RelWithDebInfo|x64.ActiveCfg = RelWithDebInfo|x64
		{474EBE6A-8359-31D3-874F-78572153CDD6}.Debug|x64.ActiveCfg = Debug|x64
		{474EBE6A-8359-31D3-874F-78572153CDD6}.Release|x64.ActiveCfg = Release|x64
		{474EBE6A-8359-31D3-874F-78572153CDD6}.MinSizeRel|x64.ActiveCfg = MinSizeRel|x64
		{474EBE6A-8359-31D3-874F-78572153CDD6}.RelWithDebInfo|x64.ActiveCfg = RelWithDebInfo|x64
		{8DD349A3-E763-3BC2-B8DB-32F55D6676A5}.Debug|x64.ActiveCfg = Debug|x64
		{8DD349A3-E763-3BC2-B8DB-32F55D6676A5}.Debug|x64.Build.0 = Debug|x64
		{8DD349A3-E763-3BC2-B8DB-32F55D6676A5}.Release|x64.ActiveCfg = Release|x64
		{8DD349A3-E763-3BC2-B8DB-32F55D6676A5}.Release|x64.Build.0 = Release|x64
		{8DD349A3-E763-3BC2-B8DB-32F55D6676A5}.MinSizeRel|x64.ActiveCfg = MinSizeRel|x64
		{8DD349A3-E763-3BC2-B8DB-32F55D6676A5}.MinSizeRel|x64.Build.0 = MinSizeRel|x64
		{8DD349A3-E763-3BC2-B8DB-32F55D6676A5}.RelWithDebInfo|x64.ActiveCfg = RelWithDebInfo|x64
		{8DD349A3-E763-3BC2-B8DB-32F55D6676A5}.RelWithDebInfo|x64.Build.0 = RelWithDebInfo|x64
		{B7A4E915-A1C2-3E81-B66A-05691C72D0CB}.Debug|x64.ActiveCfg = Debug|x64
		{B7A4E915-A1C2-3E81-B66A-05691C72D0CB}.Debug|x64.Build.0 = Debug|x64
		{B7A4E915-A1C2-3E81-B66A-05691C72D0CB}.Release|x64.ActiveCfg = Release|x64
		{B7A4E915-A1C2-3E81-B66A-05691C72D0CB}.Release|x64.Build.0 = Release|x64
		{B7A4E915-A1C2-3E81-B66A-05691C72D0CB}.MinSizeRel|x64.ActiveCfg = MinSizeRel|x64
		{B7A4E915-A1C2-3E81-B66A-05691C72D0CB}.MinSizeRel|x64.Build.0 = MinSizeRel|x64
		{B7A4E915-A1C2-3E81-B66A-05691C72D0CB}.RelWithDebInfo|x64.ActiveCfg = RelWithDebInfo|x64
		{B7A4E915-A1C2-3E81-B66A-05691C72D0CB}.RelWithDebInfo|x64.Build.0 = RelWithDebInfo|x64
	EndGlobalSection
	GlobalSection(ExtensibilityGlobals) = postSolution
		SolutionGuid = {CA767BE9-642D-3938-A81F-5611CCF4DE97}
	EndGlobalSection
	GlobalSection(ExtensibilityAddIns) = postSolution
	EndGlobalSection
EndGlobal
